
Microsoft Visual Studio Solution File, Format Version 12.00
# Visual Studio Version 16
VisualStudioVersion = 16.0.32228.343
MinimumVisualStudioVersion = 10.0.40219.1
Project("{FAE04EC0-301F-11D3-BF4B-00C04F79EFBC}") = "BotClinic", "BotClinic\BotClinic.csproj", "{AAAE3FFC-7E84-49C0-8AB8-EDA57112CF0A}"
EndProject
Global
	GlobalSection(SolutionConfigurationPlatforms) = preSolution
		Debug|Any CPU = Debug|Any CPU
		Release|Any CPU = Release|Any CPU
	EndGlobalSection
	GlobalSection(ProjectConfigurationPlatforms) = postSolution
		{AAAE3FFC-7E84-49C0-8AB8-EDA57112CF0A}.Debug|Any CPU.ActiveCfg = Debug|Any CPU
		{AAAE3FFC-7E84-49C0-8AB8-EDA57112CF0A}.Debug|Any CPU.Build.0 = Debug|Any CPU
		{AAAE3FFC-7E84-49C0-8AB8-EDA57112CF0A}.Release|Any CPU.ActiveCfg = Release|Any CPU
		{AAAE3FFC-7E84-49C0-8AB8-EDA57112CF0A}.Release|Any CPU.Build.0 = Release|Any CPU
	EndGlobalSection
	GlobalSection(SolutionProperties) = preSolution
		HideSolutionNode = FALSE
	EndGlobalSection
	GlobalSection(ExtensibilityGlobals) = postSolution
		SolutionGuid = {185605A0-75AC-400F-AB90-BB9AF6D43DE5}
	EndGlobalSection
EndGlobal
